{
    "_readme": [
        "This file locks the dependencies of your project to a known state",
        "Read more about it at https://getcomposer.org/doc/01-basic-usage.md#installing-dependencies",
        "This file is @generated automatically"
    ],
    "content-hash": "b0ea706b4babf1e317e0a2c26afd162e",
    "packages": [
        {
            "name": "citation-style-language/locales",
            "version": "1.0.0",
            "source": {
                "type": "git",
                "url": "https://github.com/citation-style-language/locales.git",
                "reference": "master"
            },
            "type": "library"
        },
        {
            "name": "citation-style-language/styles",
            "version": "1.0.0",
            "source": {
                "type": "git",
                "url": "https://github.com/citation-style-language/styles.git",
                "reference": "master"
            },
            "type": "library"
        }
    ],
    "packages-dev": [],
    "aliases": [],
    "minimum-stability": "stable",
    "stability-flags": {
        "citation-style-language/locales": 20,
        "citation-style-language/styles": 20
    },
    "prefer-stable": false,
    "prefer-lowest": false,
    "platform": {},
    "platform-dev": {},
    "plugin-api-version": "2.6.0"
}
